// !$*UTF8*$!
{
	archiveVersion = 1;
	classes = {
	};
	objectVersion = 50;
	objects = {

/* Begin PBXBuildFile section */
		E94520CA25D0BE0E007ADF49 /* SwiftUI_Circle_ProgressApp.swift in Sources */ = {isa = PBXBuildFile; fileRef = E94520C925D0BE0E007ADF49 /* SwiftUI_Circle_ProgressApp.swift */; };
		E94520CC25D0BE0E007ADF49 /* ContentView.swift in Sources */ = {isa = PBXBuildFile; fileRef = E94520CB25D0BE0E007ADF49 /* ContentView.swift */; };
		E94520CE25D0BE10007ADF49 /* Assets.xcassets in Resources */ = {isa = PBXBuildFile; fileRef = E94520CD25D0BE10007ADF49 /* Assets.xcassets */; };
		E94520D125D0BE10007ADF49 /* Preview Assets.xcassets in Resources */ = {isa = PBXBuildFile; fileRef = E94520D025D0BE10007ADF49 /* Preview Assets.xcassets */; };
/* End PBXBuildFile section */

/* Begin PBXFileReference section */
		E94520C625D0BE0E007ADF49 /* SwiftUI_Circle_Progress.app */ = {isa = PBXFileReference; explicitFileType = wrapper.application; includeInIndex = 0; path = SwiftUI_Circle_Progress.app; sourceTree = BUILT_PRODUCTS_DIR; };
		E94520C925D0BE0E007ADF49 /* SwiftUI_Circle_ProgressApp.swift */ = {isa = PBXFileReference; lastKnownFileType = sourcecode.swift; path = SwiftUI_Circle_ProgressApp.swift; sourceTree = "<group>"; };
		E94520CB25D0BE0E007ADF49 /* ContentView.swift */ = {isa = PBXFileReference; lastKnownFileType = sourcecode.swift; path = ContentView.swift; sourceTree = "<group>"; };
		E94520CD25D0BE10007ADF49 /* Assets.xcassets */ = {isa = PBXFileReference; lastKnownFileType = folder.assetcatalog; path = Assets.xcassets; sourceTree = "<group>"; };
		E94520D025D0BE10007ADF49 /* Preview Assets.xcassets */ = {isa = PBXFileReference; lastKnownFileType = folder.assetcatalog; path = "Preview Assets.xcassets"; sourceTree = "<group>"; };
		E94520D225D0BE10007ADF49 /* Info.plist */ = {isa = PBXFileReference; lastKnownFileType = text.plist.xml; path = Info.plist; sourceTree = "<group>"; };
/* End PBXFileReference section */

/* Begin PBXFrameworksBuildPhase section */
		E94520C325D0BE0E007ADF49 /* Frameworks */ = {
			isa = PBXFrameworksBuildPhase;
			buildActionMask = 2147483647;
			files = (
			);
			runOnlyForDeploymentPostprocessing = 0;
		};
/* End PBXFrameworksBuildPhase section */

/* Begin PBXGroup section */
		E94520BD25D0BE0E007ADF49 = {
			isa = PBXGroup;
			children = (
				E94520C825D0BE0E007ADF49 /* SwiftUI_Circle_Progress */,
				E94520C725D0BE0E007ADF49 /* Products */,
			);
			sourceTree = "<group>";
		};
		E94520C725D0BE0E007ADF49 /* Products */ = {
			isa = PBXGroup;
			children = (
				E94520C625D0BE0E007ADF49 /* SwiftUI_Circle_Progress.app */,
			);
			name = Products;
			sourceTree = "<group>";
		};
		E94520C825D0BE0E007ADF49 /* SwiftUI_Circle_Progress */ = {
			isa = PBXGroup;
			children = (
				E94520C925D0BE0E007ADF49 /* SwiftUI_Circle_ProgressApp.swift */,
				E94520CB25D0BE0E007ADF49 /* ContentView.swift */,
				E94520CD25D0BE10007ADF49 /* Assets.xcassets */,
				E94520D225D0BE10007ADF49 /* Info.plist */,
				E94520CF25D0BE10007ADF49 /* Preview Content */,
			);
			path = SwiftUI_Circle_Progress;
			sourceTree = "<group>";
		};
		E94520CF25D0BE10007ADF49 /* Preview Content */ = {
			isa = PBXGroup;
			children = (
				E94520D025D0BE10007ADF49 /* Preview Assets.xcassets */,
			);
			path = "Preview Content";
			sourceTree = "<group>";
		};
/* End PBXGroup section */

/* Begin PBXNativeTarget section */
		E94520C525D0BE0E007ADF49 /* SwiftUI_Circle_Progress */ = {
			isa = PBXNativeTarget;
			buildConfigurationList = E94520D525D0BE10007ADF49 /* Build configuration list for PBXNativeTarget "SwiftUI_Circle_Progress" */;
			buildPhases = (
				E94520C225D0BE0E007ADF49 /* Sources */,
				E94520C325D0BE0E007ADF49 /* Frameworks */,
				E94520C425D0BE0E007ADF49 /* Resources */,
			);
			buildRules = (
			);
			dependencies = (
			);
			name = SwiftUI_Circle_Progress;
			productName = SwiftUI_Circle_Progress;
			productReference = E94520C625D0BE0E007ADF49 /* SwiftUI_Circle_Progress.app */;
			productType = "com.apple.product-type.application";
		};
/* End PBXNativeTarget section */

/* Begin PBXProject section */
		E94520BE25D0BE0E007ADF49 /* Project object */ = {
			isa = PBXProject;
			attributes = {
				LastSwiftUpdateCheck = 1240;
				LastUpgradeCheck = 1240;
				TargetAttributes = {
					E94520C525D0BE0E007ADF49 = {
						CreatedOnToolsVersion = 12.4;
					};
				};
			};
			buildConfigurationList = E94520C125D0BE0E007ADF49 /* Build configuration list for PBXProject "SwiftUI_Circle_Progress" */;
			compatibilityVersion = "Xcode 9.3";
			developmentRegion = en;
			hasScannedForEncodings = 0;
			knownRegions = (
				en,
				Base,
			);
			mainGroup = E94520BD25D0BE0E007ADF49;
			productRefGroup = E94520C725D0BE0E007ADF49 /* Products */;
			projectDirPath = "";
			projectRoot = "";
			targets = (
				E94520C525D0BE0E007ADF49 /* SwiftUI_Circle_Progress */,
			);
		};
/* End PBXProject section */

/* Begin PBXResourcesBuildPhase section */
		E94520C425D0BE0E007ADF49 /* Resources */ = {
			isa = PBXResourcesBuildPhase;
			buildActionMask = 2147483647;
			files = (
				E94520D125D0BE10007ADF49 /* Preview Assets.xcassets in Resources */,
				E94520CE25D0BE10007ADF49 /* Assets.xcassets in Resources */,
			);
			runOnlyForDeploymentPostprocessing = 0;
		};
/* End PBXResourcesBuildPhase section */

/* Begin PBXSourcesBuildPhase section */
		E94520C225D0BE0E007ADF49 /* Sources */ = {
			isa = PBXSourcesBuildPhase;
			buildActionMask = 2147483647;
			files = (
				E94520CC25D0BE0E007ADF49 /* ContentView.swift in Sources */,
				E94520CA25D0BE0E007ADF49 /* SwiftUI_Circle_ProgressApp.swift in Sources */,
			);
			runOnlyForDeploymentPostprocessing = 0;
		};
/* End PBXSourcesBuildPhase section */

/* Begin XCBuildConfiguration section */
		E94520D325D0BE10007ADF49 /* Debug */ = {
			isa = XCBuildConfiguration;
			buildSettings = {
				ALWAYS_SEARCH_USER_PATHS = NO;
				CLANG_ANALYZER_NONNULL = YES;
				CLANG_ANALYZER_NUMBER_OBJECT_CONVERSION = YES_AGGRESSIVE;
				CLANG_CXX_LANGUAGE_STANDARD = "gnu++14";
				CLANG_CXX_LIBRARY = "libc++";
				CLANG_ENABLE_MODULES = YES;
				CLANG_ENABLE_OBJC_ARC = YES;
				CLANG_ENABLE_OBJC_WEAK = YES;
				CLANG_WARN_BLOCK_CAPTURE_AUTORELEASING = YES;
				CLANG_WARN_BOOL_CONVERSION = YES;
				CLANG_WARN_COMMA = YES;
				CLANG_WARN_CONSTANT_CONVERSION = YES;
				CLANG_WARN_DEPRECATED_OBJC_IMPLEMENTATIONS = YES;
				CLANG_WARN_DIRECT_OBJC_ISA_USAGE = YES_ERROR;
				CLANG_WARN_DOCUMENTATION_COMMENTS = YES;
				CLANG_WARN_EMPTY_BODY = YES;
				CLANG_WARN_ENUM_CONVERSION = YES;
				CLANG_WARN_INFINITE_RECURSION = YES;
				CLANG_WARN_INT_CONVERSION = YES;
				CLANG_WARN_NON_LITERAL_NULL_CONVERSION = YES;
				CLANG_WARN_OBJC_IMPLICIT_RETAIN_SELF = YES;
				CLANG_WARN_OBJC_LITERAL_CONVERSION = YES;
				CLANG_WARN_OBJC_ROOT_CLASS = YES_ERROR;
				CLANG_WARN_QUOTED_INCLUDE_IN_FRAMEWORK_HEADER = YES;
				CLANG_WARN_RANGE_LOOP_ANALYSIS = YES;
				CLANG_WARN_STRICT_PROTOTYPES = YES;
				CLANG_WARN_SUSPICIOUS_MOVE = YES;
				CLANG_WARN_UNGUARDED_AVAILABILITY = YES_AGGRESSIVE;
				CLANG_WARN_UNREACHABLE_CODE = YES;
				CLANG_WARN__DUPLICATE_METHOD_MATCH = YES;
				COPY_PHASE_STRIP = NO;
				DEBUG_INFORMATION_FORMAT = dwarf;
				ENABLE_STRICT_OBJC_MSGSEND = YES;
				ENABLE_TESTABILITY = YES;
				GCC_C_LANGUAGE_STANDARD = gnu11;
				GCC_DYNAMIC_NO_PIC = NO;
				GCC_NO_COMMON_BLOCKS = YES;
				GCC_OPTIMIZATION_LEVEL = 0;
				GCC_PREPROCESSOR_DEFINITIONS = (
					"DEBUG=1",
					"$(inherited)",
				);
				GCC_WARN_64_TO_32_BIT_CONVERSION = YES;
				GCC_WARN_ABOUT_RETURN_TYPE = YES_ERROR;
				GCC_WARN_UNDECLARED_SELECTOR = YES;
				GCC_WARN_UNINITIALIZED_AUTOS = YES_AGGRESSIVE;
				GCC_WARN_UNUSED_FUNCTION = YES;
				GCC_WARN_UNUSED_VARIABLE = YES;
				IPHONEOS_DEPLOYMENT_TARGET = 14.4;
				MTL_ENABLE_DEBUG_INFO = INCLUDE_SOURCE;
				MTL_FAST_MATH = YES;
				ONLY_ACTIVE_ARCH = YES;
				SDKROOT = iphoneos;
				SWIFT_ACTIVE_COMPILATION_CONDITIONS = DEBUG;
				SWIFT_OPTIMIZATION_LEVEL = "-Onone";
			};
			name = Debug;
		};
		E94520D425D0BE10007ADF49 /* Release */ = {
			isa = XCBuildConfiguration;
			buildSettings = {
				ALWAYS_SEARCH_USER_PATHS = NO;
				CLANG_ANALYZER_NONNULL = YES;
				CLANG_ANALYZER_NUMBER_OBJECT_CONVERSION = YES_AGGRESSIVE;
				CLANG_CXX_LANGUAGE_STANDARD = "gnu++14";
				CLANG_CXX_LIBRARY = "libc++";
				CLANG_ENABLE_MODULES = YES;
				CLANG_ENABLE_OBJC_ARC = YES;
				CLANG_ENABLE_OBJC_WEAK = YES;
				CLANG_WARN_BLOCK_CAPTURE_AUTORELEASING = YES;
				CLANG_WARN_BOOL_CONVERSION = YES;
				CLANG_WARN_COMMA = YES;
				CLANG_WARN_CONSTANT_CONVERSION = YES;
				CLANG_WARN_DEPRECATED_OBJC_IMPLEMENTATIONS = YES;
				CLANG_WARN_DIRECT_OBJC_ISA_USAGE = YES_ERROR;
				CLANG_WARN_DOCUMENTATION_COMMENTS = YES;
				CLANG_WARN_EMPTY_BODY = YES;
				CLANG_WARN_ENUM_CONVERSION = YES;
				CLANG_WARN_INFINITE_RECURSION = YES;
				CLANG_WARN_INT_CONVERSION = YES;
				CLANG_WARN_NON_LITERAL_NULL_CONVERSION = YES;
				CLANG_WARN_OBJC_IMPLICIT_RETAIN_SELF = YES;
				CLANG_WARN_OBJC_LITERAL_CONVERSION = YES;
				CLANG_WARN_OBJC_ROOT_CLASS = YES_ERROR;
				CLANG_WARN_QUOTED_INCLUDE_IN_FRAMEWORK_HEADER = YES;
				CLANG_WARN_RANGE_LOOP_ANALYSIS = YES;
				CLANG_WARN_STRICT_PROTOTYPES = YES;
				CLANG_WARN_SUSPICIOUS_MOVE = YES;
				CLANG_WARN_UNGUARDED_AVAILABILITY = YES_AGGRESSIVE;
				CLANG_WARN_UNREACHABLE_CODE = YES;
				CLANG_WARN__DUPLICATE_METHOD_MATCH = YES;
				COPY_PHASE_STRIP = NO;
				DEBUG_INFORMATION_FORMAT = "dwarf-with-dsym";
				ENABLE_NS_ASSERTIONS = NO;
				ENABLE_STRICT_OBJC_MSGSEND = YES;
				GCC_C_LANGUAGE_STANDARD = gnu11;
				GCC_NO_COMMON_BLOCKS = YES;
				GCC_WARN_64_TO_32_BIT_CONVERSION = YES;
				GCC_WARN_ABOUT_RETURN_TYPE = YES_ERROR;
				GCC_WARN_UNDECLARED_SELECTOR = YES;
				GCC_WARN_UNINITIALIZED_AUTOS = YES_AGGRESSIVE;
				GCC_WARN_UNUSED_FUNCTION = YES;
				GCC_WARN_UNUSED_VARIABLE = YES;
				IPHONEOS_DEPLOYMENT_TARGET = 14.4;
				MTL_ENABLE_DEBUG_INFO = NO;
				MTL_FAST_MATH = YES;
				SDKROOT = iphoneos;
				SWIFT_COMPILATION_MODE = wholemodule;
				SWIFT_OPTIMIZATION_LEVEL = "-O";
				VALIDATE_PRODUCT = YES;
			};
			name = Release;
		};
		E94520D625D0BE10007ADF49 /* Debug */ = {
			isa = XCBuildConfiguration;
			buildSettings = {
				ASSETCATALOG_COMPILER_APPICON_NAME = AppIcon;
				ASSETCATALOG_COMPILER_GLOBAL_ACCENT_COLOR_NAME = AccentColor;
				CODE_SIGN_STYLE = Automatic;
				DEVELOPMENT_ASSET_PATHS = "\"SwiftUI_Circle_Progress/Preview Content\"";
				DEVELOPMENT_TEAM = FBKZXLWUL9;
				ENABLE_PREVIEWS = YES;
				INFOPLIST_FILE = SwiftUI_Circle_Progress/Info.plist;
				IPHONEOS_DEPLOYMENT_TARGET = 14.0;
				LD_RUNPATH_SEARCH_PATHS = (
					"$(inherited)",
					"@executable_path/Frameworks",
				);
				PRODUCT_BUNDLE_IDENTIFIER = "bakhaan.SwiftUI-Circle-Progress";
				PRODUCT_NAME = "$(TARGET_NAME)";
				SWIFT_VERSION = 5.0;
				TARGETED_DEVICE_FAMILY = "1,2";
			};
			name = Debug;
		};
		E94520D725D0BE10007ADF49 /* Release */ = {
			isa = XCBuildConfiguration;
			buildSettings = {
				ASSETCATALOG_COMPILER_APPICON_NAME = AppIcon;
				ASSETCATALOG_COMPILER_GLOBAL_ACCENT_COLOR_NAME = AccentColor;
				CODE_SIGN_STYLE = Automatic;
				DEVELOPMENT_ASSET_PATHS = "\"SwiftUI_Circle_Progress/Preview Content\"";
				DEVELOPMENT_TEAM = FBKZXLWUL9;
				ENABLE_PREVIEWS = YES;
				INFOPLIST_FILE = SwiftUI_Circle_Progress/Info.plist;
				IPHONEOS_DEPLOYMENT_TARGET = 14.0;
				LD_RUNPATH_SEARCH_PATHS = (
					"$(inherited)",
					"@executable_path/Frameworks",
				);
				PRODUCT_BUNDLE_IDENTIFIER = "bakhaan.SwiftUI-Circle-Progress";
				PRODUCT_NAME = "$(TARGET_NAME)";
				SWIFT_VERSION = 5.0;
				TARGETED_DEVICE_FAMILY = "1,2";
			};
			name = Release;
		};
/* End XCBuildConfiguration section */

/* Begin XCConfigurationList section */
		E94520C125D0BE0E007ADF49 /* Build configuration list for PBXProject "SwiftUI_Circle_Progress" */ = {
			isa = XCConfigurationList;
			buildConfigurations = (
				E94520D325D0BE10007ADF49 /* Debug */,
				E94520D425D0BE10007ADF49 /* Release */,
			);
			defaultConfigurationIsVisible = 0;
			defaultConfigurationName = Release;
		};
		E94520D525D0BE10007ADF49 /* Build configuration list for PBXNativeTarget "SwiftUI_Circle_Progress" */ = {
			isa = XCConfigurationList;
			buildConfigurations = (
				E94520D625D0BE10007ADF49 /* Debug */,
				E94520D725D0BE10007ADF49 /* Release */,
			);
			defaultConfigurationIsVisible = 0;
			defaultConfigurationName = Release;
		};
/* End XCConfigurationList section */
	};
	rootObject = E94520BE25D0BE0E007ADF49 /* Project object */;
}
